// !$*UTF8*$!
{
	archiveVersion = 1;
	classes = {
	};
	objectVersion = 56;
	objects = {

/* Begin PBXBuildFile section */
		394D069D2B0B96DA00D3051F /* LandmarksApp.swift in Sources */ = {isa = PBXBuildFile; fileRef = 394D069C2B0B96DA00D3051F /* LandmarksApp.swift */; };
		394D069F2B0B96DA00D3051F /* ContentView.swift in Sources */ = {isa = PBXBuildFile; fileRef = 394D069E2B0B96DA00D3051F /* ContentView.swift */; };
		394D06A12B0B96DC00D3051F /* Assets.xcassets in Resources */ = {isa = PBXBuildFile; fileRef = 394D06A02B0B96DC00D3051F /* Assets.xcassets */; };
		394D06A42B0B96DC00D3051F /* Preview Assets.xcassets in Resources */ = {isa = PBXBuildFile; fileRef = 394D06A32B0B96DC00D3051F /* Preview Assets.xcassets */; };
		394D06AB2B0B9D4D00D3051F /* CircleImage.swift in Sources */ = {isa = PBXBuildFile; fileRef = 394D06AA2B0B9D4D00D3051F /* CircleImage.swift */; };
		394D06AD2B0BA2B100D3051F /* MapView.swift in Sources */ = {isa = PBXBuildFile; fileRef = 394D06AC2B0BA2B100D3051F /* MapView.swift */; };
		394D06B12B0BA64500D3051F /* landmarkData.json in Resources */ = {isa = PBXBuildFile; fileRef = 394D06B02B0BA64400D3051F /* landmarkData.json */; };
		394D06B52B0BA69300D3051F /* Landmark.swift in Sources */ = {isa = PBXBuildFile; fileRef = 394D06B42B0BA69300D3051F /* Landmark.swift */; };
		394D06B82B11CE0E00D3051F /* ModelData.swift in Sources */ = {isa = PBXBuildFile; fileRef = 394D06B72B11CE0E00D3051F /* ModelData.swift */; };
		394D06BB2B11CFDB00D3051F /* LandmarkRow.swift in Sources */ = {isa = PBXBuildFile; fileRef = 394D06BA2B11CFDB00D3051F /* LandmarkRow.swift */; };
		394D06BD2B11D5DE00D3051F /* LandmarkList.swift in Sources */ = {isa = PBXBuildFile; fileRef = 394D06BC2B11D5DE00D3051F /* LandmarkList.swift */; };
		394D06BF2B11D76B00D3051F /* LandmarkDetail.swift in Sources */ = {isa = PBXBuildFile; fileRef = 394D06BE2B11D76B00D3051F /* LandmarkDetail.swift */; };
		394D06C12B12114800D3051F /* FavoriteButton.swift in Sources */ = {isa = PBXBuildFile; fileRef = 394D06C02B12114800D3051F /* FavoriteButton.swift */; };
		394D06C52B12195600D3051F /* HexagonParameters.swift in Sources */ = {isa = PBXBuildFile; fileRef = 394D06C42B12195600D3051F /* HexagonParameters.swift */; };
		394D06C72B12272300D3051F /* BadgeBackground.swift in Sources */ = {isa = PBXBuildFile; fileRef = 394D06C62B12272300D3051F /* BadgeBackground.swift */; };
		394D06C92B122E1E00D3051F /* BadgeSymbol.swift in Sources */ = {isa = PBXBuildFile; fileRef = 394D06C82B122E1E00D3051F /* BadgeSymbol.swift */; };
		394D06CB2B122FD200D3051F /* RotatedBadgeSymbol.swift in Sources */ = {isa = PBXBuildFile; fileRef = 394D06CA2B122FD200D3051F /* RotatedBadgeSymbol.swift */; };
		394D06CD2B1230E000D3051F /* Badge.swift in Sources */ = {isa = PBXBuildFile; fileRef = 394D06CC2B1230E000D3051F /* Badge.swift */; };
		394D06D02B1235DC00D3051F /* hikeData.json in Resources */ = {isa = PBXBuildFile; fileRef = 394D06CF2B1235DC00D3051F /* hikeData.json */; };
		394D06D22B12362400D3051F /* Hike.swift in Sources */ = {isa = PBXBuildFile; fileRef = 394D06D12B12362400D3051F /* Hike.swift */; };
		394D06D82B12377900D3051F /* GraphCapsule.swift in Sources */ = {isa = PBXBuildFile; fileRef = 394D06D42B12377900D3051F /* GraphCapsule.swift */; };
		394D06D92B12377900D3051F /* HikeGraph.swift in Sources */ = {isa = PBXBuildFile; fileRef = 394D06D52B12377900D3051F /* HikeGraph.swift */; };
		394D06DA2B12377900D3051F /* HikeDetail.swift in Sources */ = {isa = PBXBuildFile; fileRef = 394D06D62B12377900D3051F /* HikeDetail.swift */; };
		394D06DB2B12377900D3051F /* HikeView.swift in Sources */ = {isa = PBXBuildFile; fileRef = 394D06D72B12377900D3051F /* HikeView.swift */; };
		394D06DE2B13255100D3051F /* CategoryHome.swift in Sources */ = {isa = PBXBuildFile; fileRef = 394D06DD2B13255100D3051F /* CategoryHome.swift */; };
		394D06E02B1326F400D3051F /* CategoryRow.swift in Sources */ = {isa = PBXBuildFile; fileRef = 394D06DF2B1326F400D3051F /* CategoryRow.swift */; };
		394D06E22B13285300D3051F /* CategoryItem.swift in Sources */ = {isa = PBXBuildFile; fileRef = 394D06E12B13285300D3051F /* CategoryItem.swift */; };
		394D06E42B132D1100D3051F /* Profile.swift in Sources */ = {isa = PBXBuildFile; fileRef = 394D06E32B132D1100D3051F /* Profile.swift */; };
		394D06E72B133C6400D3051F /* ProfileHost.swift in Sources */ = {isa = PBXBuildFile; fileRef = 394D06E62B133C6400D3051F /* ProfileHost.swift */; };
		394D06E92B133CB100D3051F /* ProfileSummary.swift in Sources */ = {isa = PBXBuildFile; fileRef = 394D06E82B133CB100D3051F /* ProfileSummary.swift */; };
		394D06EB2B133D4B00D3051F /* HikeBadge.swift in Sources */ = {isa = PBXBuildFile; fileRef = 394D06EA2B133D4B00D3051F /* HikeBadge.swift */; };
		394D06ED2B1342A600D3051F /* ProfileEditor.swift in Sources */ = {isa = PBXBuildFile; fileRef = 394D06EC2B1342A600D3051F /* ProfileEditor.swift */; };
		394D06F02B134F3100D3051F /* PageViewController.swift in Sources */ = {isa = PBXBuildFile; fileRef = 394D06EF2B134F3100D3051F /* PageViewController.swift */; };
		394D06F22B13567300D3051F /* FeatureCard.swift in Sources */ = {isa = PBXBuildFile; fileRef = 394D06F12B13567300D3051F /* FeatureCard.swift */; };
		394D06F42B1357F400D3051F /* PageView.swift in Sources */ = {isa = PBXBuildFile; fileRef = 394D06F32B1357F400D3051F /* PageView.swift */; };
		394D06F62B135FBF00D3051F /* PageControl.swift in Sources */ = {isa = PBXBuildFile; fileRef = 394D06F52B135FBF00D3051F /* PageControl.swift */; };
		394D07002B1362A800D3051F /* ContentView.swift in Sources */ = {isa = PBXBuildFile; fileRef = 394D06FF2B1362A800D3051F /* ContentView.swift */; };
		394D07022B1362AA00D3051F /* Assets.xcassets in Resources */ = {isa = PBXBuildFile; fileRef = 394D07012B1362AA00D3051F /* Assets.xcassets */; };
		394D07052B1362AA00D3051F /* Preview Assets.xcassets in Resources */ = {isa = PBXBuildFile; fileRef = 394D07042B1362AA00D3051F /* Preview Assets.xcassets */; };
		394D07082B1362AA00D3051F /* WatchLandmarks Watch App.app in Embed Watch Content */ = {isa = PBXBuildFile; fileRef = 394D06FB2B1362A800D3051F /* WatchLandmarks Watch App.app */; settings = {ATTRIBUTES = (RemoveHeadersOnCopy, ); }; };
		394D070D2B1363A500D3051F /* Hike.swift in Sources */ = {isa = PBXBuildFile; fileRef = 394D06D12B12362400D3051F /* Hike.swift */; };
		394D070E2B1363A500D3051F /* CircleImage.swift in Sources */ = {isa = PBXBuildFile; fileRef = 394D06AA2B0B9D4D00D3051F /* CircleImage.swift */; };
		394D070F2B1363A500D3051F /* LandmarkRow.swift in Sources */ = {isa = PBXBuildFile; fileRef = 394D06BA2B11CFDB00D3051F /* LandmarkRow.swift */; };
		394D07102B1363A500D3051F /* landmarkData.json in Resources */ = {isa = PBXBuildFile; fileRef = 394D06B02B0BA64400D3051F /* landmarkData.json */; };
		394D07112B1363A500D3051F /* ModelData.swift in Sources */ = {isa = PBXBuildFile; fileRef = 394D06B72B11CE0E00D3051F /* ModelData.swift */; };
		394D07122B1363A500D3051F /* Assets.xcassets in Resources */ = {isa = PBXBuildFile; fileRef = 394D06A02B0B96DC00D3051F /* Assets.xcassets */; };
		394D07132B1363A500D3051F /* Landmark.swift in Sources */ = {isa = PBXBuildFile; fileRef = 394D06B42B0BA69300D3051F /* Landmark.swift */; };
		394D07142B1363A500D3051F /* MapView.swift in Sources */ = {isa = PBXBuildFile; fileRef = 394D06AC2B0BA2B100D3051F /* MapView.swift */; };
		394D07152B1363A500D3051F /* LandmarkList.swift in Sources */ = {isa = PBXBuildFile; fileRef = 394D06BC2B11D5DE00D3051F /* LandmarkList.swift */; };
		394D07162B1363A500D3051F /* LandmarksApp.swift in Sources */ = {isa = PBXBuildFile; fileRef = 394D069C2B0B96DA00D3051F /* LandmarksApp.swift */; };
		394D07172B1363A500D3051F /* hikeData.json in Resources */ = {isa = PBXBuildFile; fileRef = 394D06CF2B1235DC00D3051F /* hikeData.json */; };
		394D07182B1363A500D3051F /* Profile.swift in Sources */ = {isa = PBXBuildFile; fileRef = 394D06E32B132D1100D3051F /* Profile.swift */; };
		394D071A2B136C7300D3051F /* LandmarkDetail.swift in Sources */ = {isa = PBXBuildFile; fileRef = 394D07192B136C7300D3051F /* LandmarkDetail.swift */; };
		394D071C2B13703100D3051F /* NotificationView.swift in Sources */ = {isa = PBXBuildFile; fileRef = 394D071B2B13703100D3051F /* NotificationView.swift */; };
		394D071E2B1370F500D3051F /* NotificationController.swift in Sources */ = {isa = PBXBuildFile; fileRef = 394D071D2B1370F500D3051F /* NotificationController.swift */; };
/* End PBXBuildFile section */

/* Begin PBXContainerItemProxy section */
		394D07062B1362AA00D3051F /* PBXContainerItemProxy */ = {
			isa = PBXContainerItemProxy;
			containerPortal = 394D06912B0B96DA00D3051F /* Project object */;
			proxyType = 1;
			remoteGlobalIDString = 394D06FA2B1362A700D3051F;
			remoteInfo = "WatchLandmarks Watch App";
		};
/* End PBXContainerItemProxy section */

/* Begin PBXCopyFilesBuildPhase section */
		394D070C2B1362AA00D3051F /* Embed Watch Content */ = {
			isa = PBXCopyFilesBuildPhase;
			buildActionMask = 2147483647;
			dstPath = "$(CONTENTS_FOLDER_PATH)/Watch";
			dstSubfolderSpec = 16;
			files = (
				394D07082B1362AA00D3051F /* WatchLandmarks Watch App.app in Embed Watch Content */,
			);
			name = "Embed Watch Content";
			runOnlyForDeploymentPostprocessing = 0;
		};
/* End PBXCopyFilesBuildPhase section */

/* Begin PBXFileReference section */
		394D06992B0B96DA00D3051F /* Landmarks.app */ = {isa = PBXFileReference; explicitFileType = wrapper.application; includeInIndex = 0; path = Landmarks.app; sourceTree = BUILT_PRODUCTS_DIR; };
		394D069C2B0B96DA00D3051F /* LandmarksApp.swift */ = {isa = PBXFileReference; lastKnownFileType = sourcecode.swift; path = LandmarksApp.swift; sourceTree = "<group>"; };
		394D069E2B0B96DA00D3051F /* ContentView.swift */ = {isa = PBXFileReference; lastKnownFileType = sourcecode.swift; path = ContentView.swift; sourceTree = "<group>"; };
		394D06A02B0B96DC00D3051F /* Assets.xcassets */ = {isa = PBXFileReference; lastKnownFileType = folder.assetcatalog; path = Assets.xcassets; sourceTree = "<group>"; };
		394D06A32B0B96DC00D3051F /* Preview Assets.xcassets */ = {isa = PBXFileReference; lastKnownFileType = folder.assetcatalog; path = "Preview Assets.xcassets"; sourceTree = "<group>"; };
		394D06AA2B0B9D4D00D3051F /* CircleImage.swift */ = {isa = PBXFileReference; lastKnownFileType = sourcecode.swift; path = CircleImage.swift; sourceTree = "<group>"; };
		394D06AC2B0BA2B100D3051F /* MapView.swift */ = {isa = PBXFileReference; lastKnownFileType = sourcecode.swift; path = MapView.swift; sourceTree = "<group>"; };
		394D06B02B0BA64400D3051F /* landmarkData.json */ = {isa = PBXFileReference; fileEncoding = 4; lastKnownFileType = text.json; path = landmarkData.json; sourceTree = "<group>"; };
		394D06B42B0BA69300D3051F /* Landmark.swift */ = {isa = PBXFileReference; lastKnownFileType = sourcecode.swift; path = Landmark.swift; sourceTree = "<group>"; };
		394D06B72B11CE0E00D3051F /* ModelData.swift */ = {isa = PBXFileReference; lastKnownFileType = sourcecode.swift; path = ModelData.swift; sourceTree = "<group>"; };
		394D06BA2B11CFDB00D3051F /* LandmarkRow.swift */ = {isa = PBXFileReference; lastKnownFileType = sourcecode.swift; path = LandmarkRow.swift; sourceTree = "<group>"; };
		394D06BC2B11D5DE00D3051F /* LandmarkList.swift */ = {isa = PBXFileReference; lastKnownFileType = sourcecode.swift; path = LandmarkList.swift; sourceTree = "<group>"; };
		394D06BE2B11D76B00D3051F /* LandmarkDetail.swift */ = {isa = PBXFileReference; lastKnownFileType = sourcecode.swift; path = LandmarkDetail.swift; sourceTree = "<group>"; };
		394D06C02B12114800D3051F /* FavoriteButton.swift */ = {isa = PBXFileReference; lastKnownFileType = sourcecode.swift; path = FavoriteButton.swift; sourceTree = "<group>"; };
		394D06C42B12195600D3051F /* HexagonParameters.swift */ = {isa = PBXFileReference; lastKnownFileType = sourcecode.swift; path = HexagonParameters.swift; sourceTree = "<group>"; };
		394D06C62B12272300D3051F /* BadgeBackground.swift */ = {isa = PBXFileReference; lastKnownFileType = sourcecode.swift; path = BadgeBackground.swift; sourceTree = "<group>"; };
		394D06C82B122E1E00D3051F /* BadgeSymbol.swift */ = {isa = PBXFileReference; lastKnownFileType = sourcecode.swift; path = BadgeSymbol.swift; sourceTree = "<group>"; };
		394D06CA2B122FD200D3051F /* RotatedBadgeSymbol.swift */ = {isa = PBXFileReference; lastKnownFileType = sourcecode.swift; path = RotatedBadgeSymbol.swift; sourceTree = "<group>"; };
		394D06CC2B1230E000D3051F /* Badge.swift */ = {isa = PBXFileReference; lastKnownFileType = sourcecode.swift; path = Badge.swift; sourceTree = "<group>"; };
		394D06CF2B1235DC00D3051F /* hikeData.json */ = {isa = PBXFileReference; fileEncoding = 4; lastKnownFileType = text.json; path = hikeData.json; sourceTree = "<group>"; };
		394D06D12B12362400D3051F /* Hike.swift */ = {isa = PBXFileReference; lastKnownFileType = sourcecode.swift; path = Hike.swift; sourceTree = "<group>"; };
		394D06D42B12377900D3051F /* GraphCapsule.swift */ = {isa = PBXFileReference; fileEncoding = 4; lastKnownFileType = sourcecode.swift; path = GraphCapsule.swift; sourceTree = "<group>"; };
		394D06D52B12377900D3051F /* HikeGraph.swift */ = {isa = PBXFileReference; fileEncoding = 4; lastKnownFileType = sourcecode.swift; path = HikeGraph.swift; sourceTree = "<group>"; };
		394D06D62B12377900D3051F /* HikeDetail.swift */ = {isa = PBXFileReference; fileEncoding = 4; lastKnownFileType = sourcecode.swift; path = HikeDetail.swift; sourceTree = "<group>"; };
		394D06D72B12377900D3051F /* HikeView.swift */ = {isa = PBXFileReference; fileEncoding = 4; lastKnownFileType = sourcecode.swift; path = HikeView.swift; sourceTree = "<group>"; };
		394D06DD2B13255100D3051F /* CategoryHome.swift */ = {isa = PBXFileReference; lastKnownFileType = sourcecode.swift; path = CategoryHome.swift; sourceTree = "<group>"; };
		394D06DF2B1326F400D3051F /* CategoryRow.swift */ = {isa = PBXFileReference; lastKnownFileType = sourcecode.swift; path = CategoryRow.swift; sourceTree = "<group>"; };
		394D06E12B13285300D3051F /* CategoryItem.swift */ = {isa = PBXFileReference; lastKnownFileType = sourcecode.swift; path = CategoryItem.swift; sourceTree = "<group>"; };
		394D06E32B132D1100D3051F /* Profile.swift */ = {isa = PBXFileReference; lastKnownFileType = sourcecode.swift; path = Profile.swift; sourceTree = "<group>"; };
		394D06E62B133C6400D3051F /* ProfileHost.swift */ = {isa = PBXFileReference; lastKnownFileType = sourcecode.swift; path = ProfileHost.swift; sourceTree = "<group>"; };
		394D06E82B133CB100D3051F /* ProfileSummary.swift */ = {isa = PBXFileReference; lastKnownFileType = sourcecode.swift; path = ProfileSummary.swift; sourceTree = "<group>"; };
		394D06EA2B133D4B00D3051F /* HikeBadge.swift */ = {isa = PBXFileReference; lastKnownFileType = sourcecode.swift; path = HikeBadge.swift; sourceTree = "<group>"; };
		394D06EC2B1342A600D3051F /* ProfileEditor.swift */ = {isa = PBXFileReference; lastKnownFileType = sourcecode.swift; path = ProfileEditor.swift; sourceTree = "<group>"; };
		394D06EF2B134F3100D3051F /* PageViewController.swift */ = {isa = PBXFileReference; lastKnownFileType = sourcecode.swift; path = PageViewController.swift; sourceTree = "<group>"; };
		394D06F12B13567300D3051F /* FeatureCard.swift */ = {isa = PBXFileReference; lastKnownFileType = sourcecode.swift; path = FeatureCard.swift; sourceTree = "<group>"; };
		394D06F32B1357F400D3051F /* PageView.swift */ = {isa = PBXFileReference; lastKnownFileType = sourcecode.swift; path = PageView.swift; sourceTree = "<group>"; };
		394D06F52B135FBF00D3051F /* PageControl.swift */ = {isa = PBXFileReference; lastKnownFileType = sourcecode.swift; path = PageControl.swift; sourceTree = "<group>"; };
		394D06FB2B1362A800D3051F /* WatchLandmarks Watch App.app */ = {isa = PBXFileReference; explicitFileType = wrapper.application; includeInIndex = 0; path = "WatchLandmarks Watch App.app"; sourceTree = BUILT_PRODUCTS_DIR; };
		394D06FF2B1362A800D3051F /* ContentView.swift */ = {isa = PBXFileReference; lastKnownFileType = sourcecode.swift; path = ContentView.swift; sourceTree = "<group>"; };
		394D07012B1362AA00D3051F /* Assets.xcassets */ = {isa = PBXFileReference; lastKnownFileType = folder.assetcatalog; path = Assets.xcassets; sourceTree = "<group>"; };
		394D07042B1362AA00D3051F /* Preview Assets.xcassets */ = {isa = PBXFileReference; lastKnownFileType = folder.assetcatalog; path = "Preview Assets.xcassets"; sourceTree = "<group>"; };
		394D07192B136C7300D3051F /* LandmarkDetail.swift */ = {isa = PBXFileReference; lastKnownFileType = sourcecode.swift; path = LandmarkDetail.swift; sourceTree = "<group>"; };
		394D071B2B13703100D3051F /* NotificationView.swift */ = {isa = PBXFileReference; lastKnownFileType = sourcecode.swift; path = NotificationView.swift; sourceTree = "<group>"; };
		394D071D2B1370F500D3051F /* NotificationController.swift */ = {isa = PBXFileReference; lastKnownFileType = sourcecode.swift; path = NotificationController.swift; sourceTree = "<group>"; };
		394D071F2B1372E700D3051F /* PushNotificationPayload.apns */ = {isa = PBXFileReference; lastKnownFileType = text; path = PushNotificationPayload.apns; sourceTree = "<group>"; };
/* End PBXFileReference section */

/* Begin PBXFrameworksBuildPhase section */
		394D06962B0B96DA00D3051F /* Frameworks */ = {
			isa = PBXFrameworksBuildPhase;
			buildActionMask = 2147483647;
			files = (
			);
			runOnlyForDeploymentPostprocessing = 0;
		};
		394D06F82B1362A700D3051F /* Frameworks */ = {
			isa = PBXFrameworksBuildPhase;
			buildActionMask = 2147483647;
			files = (
			);
			runOnlyForDeploymentPostprocessing = 0;
		};
/* End PBXFrameworksBuildPhase section */

/* Begin PBXGroup section */
		394D06902B0B96DA00D3051F = {
			isa = PBXGroup;
			children = (
				394D069B2B0B96DA00D3051F /* Landmarks */,
				394D06FC2B1362A800D3051F /* WatchLandmarks Watch App */,
				394D069A2B0B96DA00D3051F /* Products */,
			);
			sourceTree = "<group>";
		};
		394D069A2B0B96DA00D3051F /* Products */ = {
			isa = PBXGroup;
			children = (
				394D06992B0B96DA00D3051F /* Landmarks.app */,
				394D06FB2B1362A800D3051F /* WatchLandmarks Watch App.app */,
			);
			name = Products;
			sourceTree = "<group>";
		};
		394D069B2B0B96DA00D3051F /* Landmarks */ = {
			isa = PBXGroup;
			children = (
				394D06B92B11CEF500D3051F /* Resources */,
				394D06B32B0BA68500D3051F /* Model */,
				394D06B22B0BA67300D3051F /* Views */,
				394D069C2B0B96DA00D3051F /* LandmarksApp.swift */,
				394D06A02B0B96DC00D3051F /* Assets.xcassets */,
				394D06A22B0B96DC00D3051F /* Preview Content */,
			);
			path = Landmarks;
			sourceTree = "<group>";
		};
		394D06A22B0B96DC00D3051F /* Preview Content */ = {
			isa = PBXGroup;
			children = (
				394D06A32B0B96DC00D3051F /* Preview Assets.xcassets */,
			);
			path = "Preview Content";
			sourceTree = "<group>";
		};
		394D06B22B0BA67300D3051F /* Views */ = {
			isa = PBXGroup;
			children = (
				394D06EE2B134F1400D3051F /* PageView */,
				394D06E52B133C5800D3051F /* Profiles */,
				394D06DC2B13253600D3051F /* Categories */,
				394D06D32B12377900D3051F /* Hikes */,
				394D06CE2B12335300D3051F /* Badges */,
				394D06C32B12134F00D3051F /* Helper */,
				394D06C22B12133F00D3051F /* Landmarks */,
				394D069E2B0B96DA00D3051F /* ContentView.swift */,
			);
			path = Views;
			sourceTree = "<group>";
		};
		394D06B32B0BA68500D3051F /* Model */ = {
			isa = PBXGroup;
			children = (
				394D06B42B0BA69300D3051F /* Landmark.swift */,
				394D06B72B11CE0E00D3051F /* ModelData.swift */,
				394D06D12B12362400D3051F /* Hike.swift */,
				394D06E32B132D1100D3051F /* Profile.swift */,
			);
			path = Model;
			sourceTree = "<group>";
		};
		394D06B92B11CEF500D3051F /* Resources */ = {
			isa = PBXGroup;
			children = (
				394D06B02B0BA64400D3051F /* landmarkData.json */,
				394D06CF2B1235DC00D3051F /* hikeData.json */,
			);
			path = Resources;
			sourceTree = "<group>";
		};
		394D06C22B12133F00D3051F /* Landmarks */ = {
			isa = PBXGroup;
			children = (
				394D06BA2B11CFDB00D3051F /* LandmarkRow.swift */,
				394D06BC2B11D5DE00D3051F /* LandmarkList.swift */,
				394D06BE2B11D76B00D3051F /* LandmarkDetail.swift */,
				394D06F12B13567300D3051F /* FeatureCard.swift */,
			);
			path = Landmarks;
			sourceTree = "<group>";
		};
		394D06C32B12134F00D3051F /* Helper */ = {
			isa = PBXGroup;
			children = (
				394D06AA2B0B9D4D00D3051F /* CircleImage.swift */,
				394D06AC2B0BA2B100D3051F /* MapView.swift */,
				394D06C02B12114800D3051F /* FavoriteButton.swift */,
			);
			path = Helper;
			sourceTree = "<group>";
		};
		394D06CE2B12335300D3051F /* Badges */ = {
			isa = PBXGroup;
			children = (
				394D06C42B12195600D3051F /* HexagonParameters.swift */,
				394D06C62B12272300D3051F /* BadgeBackground.swift */,
				394D06C82B122E1E00D3051F /* BadgeSymbol.swift */,
				394D06CA2B122FD200D3051F /* RotatedBadgeSymbol.swift */,
				394D06CC2B1230E000D3051F /* Badge.swift */,
			);
			path = Badges;
			sourceTree = "<group>";
		};
		394D06D32B12377900D3051F /* Hikes */ = {
			isa = PBXGroup;
			children = (
				394D06D42B12377900D3051F /* GraphCapsule.swift */,
				394D06D52B12377900D3051F /* HikeGraph.swift */,
				394D06D62B12377900D3051F /* HikeDetail.swift */,
				394D06D72B12377900D3051F /* HikeView.swift */,
				394D06EA2B133D4B00D3051F /* HikeBadge.swift */,
			);
			path = Hikes;
			sourceTree = "<group>";
		};
		394D06DC2B13253600D3051F /* Categories */ = {
			isa = PBXGroup;
			children = (
				394D06DD2B13255100D3051F /* CategoryHome.swift */,
				394D06DF2B1326F400D3051F /* CategoryRow.swift */,
				394D06E12B13285300D3051F /* CategoryItem.swift */,
			);
			path = Categories;
			sourceTree = "<group>";
		};
		394D06E52B133C5800D3051F /* Profiles */ = {
			isa = PBXGroup;
			children = (
				394D06E62B133C6400D3051F /* ProfileHost.swift */,
				394D06E82B133CB100D3051F /* ProfileSummary.swift */,
				394D06EC2B1342A600D3051F /* ProfileEditor.swift */,
			);
			path = Profiles;
			sourceTree = "<group>";
		};
		394D06EE2B134F1400D3051F /* PageView */ = {
			isa = PBXGroup;
			children = (
				394D06EF2B134F3100D3051F /* PageViewController.swift */,
				394D06F32B1357F400D3051F /* PageView.swift */,
				394D06F52B135FBF00D3051F /* PageControl.swift */,
			);
			path = PageView;
			sourceTree = "<group>";
		};
		394D06FC2B1362A800D3051F /* WatchLandmarks Watch App */ = {
			isa = PBXGroup;
			children = (
				394D06FF2B1362A800D3051F /* ContentView.swift */,
				394D07012B1362AA00D3051F /* Assets.xcassets */,
				394D07032B1362AA00D3051F /* Preview Content */,
				394D07192B136C7300D3051F /* LandmarkDetail.swift */,
				394D071B2B13703100D3051F /* NotificationView.swift */,
				394D071D2B1370F500D3051F /* NotificationController.swift */,
				394D071F2B1372E700D3051F /* PushNotificationPayload.apns */,
			);
			path = "WatchLandmarks Watch App";
			sourceTree = "<group>";
		};
		394D07032B1362AA00D3051F /* Preview Content */ = {
			isa = PBXGroup;
			children = (
				394D07042B1362AA00D3051F /* Preview Assets.xcassets */,
			);
			path = "Preview Content";
			sourceTree = "<group>";
		};
/* End PBXGroup section */

/* Begin PBXNativeTarget section */
		394D06982B0B96DA00D3051F /* Landmarks */ = {
			isa = PBXNativeTarget;
			buildConfigurationList = 394D06A72B0B96DC00D3051F /* Build configuration list for PBXNativeTarget "Landmarks" */;
			buildPhases = (
				394D06952B0B96DA00D3051F /* Sources */,
				394D06962B0B96DA00D3051F /* Frameworks */,
				394D06972B0B96DA00D3051F /* Resources */,
				394D070C2B1362AA00D3051F /* Embed Watch Content */,
			);
			buildRules = (
			);
			dependencies = (
				394D07072B1362AA00D3051F /* PBXTargetDependency */,
			);
			name = Landmarks;
			productName = Landmarks;
			productReference = 394D06992B0B96DA00D3051F /* Landmarks.app */;
			productType = "com.apple.product-type.application";
		};
		394D06FA2B1362A700D3051F /* WatchLandmarks Watch App */ = {
			isa = PBXNativeTarget;
			buildConfigurationList = 394D07092B1362AA00D3051F /* Build configuration list for PBXNativeTarget "WatchLandmarks Watch App" */;
			buildPhases = (
				394D06F72B1362A700D3051F /* Sources */,
				394D06F82B1362A700D3051F /* Frameworks */,
				394D06F92B1362A700D3051F /* Resources */,
			);
			buildRules = (
			);
			dependencies = (
			);
			name = "WatchLandmarks Watch App";
			productName = "WatchLandmarks Watch App";
			productReference = 394D06FB2B1362A800D3051F /* WatchLandmarks Watch App.app */;
			productType = "com.apple.product-type.application";
		};
/* End PBXNativeTarget section */

/* Begin PBXProject section */
		394D06912B0B96DA00D3051F /* Project object */ = {
			isa = PBXProject;
			attributes = {
				BuildIndependentTargetsInParallel = 1;
				LastSwiftUpdateCheck = 1500;
				LastUpgradeCheck = 1500;
				TargetAttributes = {
					394D06982B0B96DA00D3051F = {
						CreatedOnToolsVersion = 15.0.1;
					};
					394D06FA2B1362A700D3051F = {
						CreatedOnToolsVersion = 15.0.1;
					};
				};
			};
			buildConfigurationList = 394D06942B0B96DA00D3051F /* Build configuration list for PBXProject "Landmarks" */;
			compatibilityVersion = "Xcode 14.0";
			developmentRegion = en;
			hasScannedForEncodings = 0;
			knownRegions = (
				en,
				Base,
			);
			mainGroup = 394D06902B0B96DA00D3051F;
			productRefGroup = 394D069A2B0B96DA00D3051F /* Products */;
			projectDirPath = "";
			projectRoot = "";
			targets = (
				394D06982B0B96DA00D3051F /* Landmarks */,
				394D06FA2B1362A700D3051F /* WatchLandmarks Watch App */,
			);
		};
/* End PBXProject section */

/* Begin PBXResourcesBuildPhase section */
		394D06972B0B96DA00D3051F /* Resources */ = {
			isa = PBXResourcesBuildPhase;
			buildActionMask = 2147483647;
			files = (
				394D06D02B1235DC00D3051F /* hikeData.json in Resources */,
				394D06A42B0B96DC00D3051F /* Preview Assets.xcassets in Resources */,
				394D06A12B0B96DC00D3051F /* Assets.xcassets in Resources */,
				394D06B12B0BA64500D3051F /* landmarkData.json in Resources */,
			);
			runOnlyForDeploymentPostprocessing = 0;
		};
		394D06F92B1362A700D3051F /* Resources */ = {
			isa = PBXResourcesBuildPhase;
			buildActionMask = 2147483647;
			files = (
				394D07052B1362AA00D3051F /* Preview Assets.xcassets in Resources */,
				394D07022B1362AA00D3051F /* Assets.xcassets in Resources */,
				394D07122B1363A500D3051F /* Assets.xcassets in Resources */,
				394D07102B1363A500D3051F /* landmarkData.json in Resources */,
				394D07172B1363A500D3051F /* hikeData.json in Resources */,
			);
			runOnlyForDeploymentPostprocessing = 0;
		};
/* End PBXResourcesBuildPhase section */

/* Begin PBXSourcesBuildPhase section */
		394D06952B0B96DA00D3051F /* Sources */ = {
			isa = PBXSourcesBuildPhase;
			buildActionMask = 2147483647;
			files = (
				394D06E02B1326F400D3051F /* CategoryRow.swift in Sources */,
				394D06E42B132D1100D3051F /* Profile.swift in Sources */,
				394D069F2B0B96DA00D3051F /* ContentView.swift in Sources */,
				394D06DE2B13255100D3051F /* CategoryHome.swift in Sources */,
				394D06F22B13567300D3051F /* FeatureCard.swift in Sources */,
				394D06D92B12377900D3051F /* HikeGraph.swift in Sources */,
				394D06CD2B1230E000D3051F /* Badge.swift in Sources */,
				394D06AD2B0BA2B100D3051F /* MapView.swift in Sources */,
				394D06D82B12377900D3051F /* GraphCapsule.swift in Sources */,
				394D069D2B0B96DA00D3051F /* LandmarksApp.swift in Sources */,
				394D06F62B135FBF00D3051F /* PageControl.swift in Sources */,
				394D06C12B12114800D3051F /* FavoriteButton.swift in Sources */,
				394D06E22B13285300D3051F /* CategoryItem.swift in Sources */,
				394D06DA2B12377900D3051F /* HikeDetail.swift in Sources */,
				394D06E92B133CB100D3051F /* ProfileSummary.swift in Sources */,
				394D06C52B12195600D3051F /* HexagonParameters.swift in Sources */,
				394D06E72B133C6400D3051F /* ProfileHost.swift in Sources */,
				394D06D22B12362400D3051F /* Hike.swift in Sources */,
				394D06CB2B122FD200D3051F /* RotatedBadgeSymbol.swift in Sources */,
				394D06C92B122E1E00D3051F /* BadgeSymbol.swift in Sources */,
				394D06ED2B1342A600D3051F /* ProfileEditor.swift in Sources */,
				394D06BD2B11D5DE00D3051F /* LandmarkList.swift in Sources */,
				394D06DB2B12377900D3051F /* HikeView.swift in Sources */,
				394D06BF2B11D76B00D3051F /* LandmarkDetail.swift in Sources */,
				394D06F02B134F3100D3051F /* PageViewController.swift in Sources */,
				394D06C72B12272300D3051F /* BadgeBackground.swift in Sources */,
				394D06EB2B133D4B00D3051F /* HikeBadge.swift in Sources */,
				394D06F42B1357F400D3051F /* PageView.swift in Sources */,
				394D06AB2B0B9D4D00D3051F /* CircleImage.swift in Sources */,
				394D06B52B0BA69300D3051F /* Landmark.swift in Sources */,
				394D06BB2B11CFDB00D3051F /* LandmarkRow.swift in Sources */,
				394D06B82B11CE0E00D3051F /* ModelData.swift in Sources */,
			);
			runOnlyForDeploymentPostprocessing = 0;
		};
		394D06F72B1362A700D3051F /* Sources */ = {
			isa = PBXSourcesBuildPhase;
			buildActionMask = 2147483647;
			files = (
				394D07142B1363A500D3051F /* MapView.swift in Sources */,
				394D07182B1363A500D3051F /* Profile.swift in Sources */,
				394D070D2B1363A500D3051F /* Hike.swift in Sources */,
				394D07002B1362A800D3051F /* ContentView.swift in Sources */,
				394D07152B1363A500D3051F /* LandmarkList.swift in Sources */,
				394D07162B1363A500D3051F /* LandmarksApp.swift in Sources */,
				394D07112B1363A500D3051F /* ModelData.swift in Sources */,
				394D070F2B1363A500D3051F /* LandmarkRow.swift in Sources */,
				394D070E2B1363A500D3051F /* CircleImage.swift in Sources */,
				394D071E2B1370F500D3051F /* NotificationController.swift in Sources */,
				394D07132B1363A500D3051F /* Landmark.swift in Sources */,
				394D071A2B136C7300D3051F /* LandmarkDetail.swift in Sources */,
				394D071C2B13703100D3051F /* NotificationView.swift in Sources */,
			);
			runOnlyForDeploymentPostprocessing = 0;
		};
/* End PBXSourcesBuildPhase section */

/* Begin PBXTargetDependency section */
		394D07072B1362AA00D3051F /* PBXTargetDependency */ = {
			isa = PBXTargetDependency;
			target = 394D06FA2B1362A700D3051F /* WatchLandmarks Watch App */;
			targetProxy = 394D07062B1362AA00D3051F /* PBXContainerItemProxy */;
		};
/* End PBXTargetDependency section */

/* Begin XCBuildConfiguration section */
		394D06A52B0B96DC00D3051F /* Debug */ = {
			isa = XCBuildConfiguration;
			buildSettings = {
				ALWAYS_SEARCH_USER_PATHS = NO;
				ASSETCATALOG_COMPILER_GENERATE_SWIFT_ASSET_SYMBOL_EXTENSIONS = YES;
				CLANG_ANALYZER_NONNULL = YES;
				CLANG_ANALYZER_NUMBER_OBJECT_CONVERSION = YES_AGGRESSIVE;
				CLANG_CXX_LANGUAGE_STANDARD = "gnu++20";
				CLANG_ENABLE_MODULES = YES;
				CLANG_ENABLE_OBJC_ARC = YES;
				CLANG_ENABLE_OBJC_WEAK = YES;
				CLANG_WARN_BLOCK_CAPTURE_AUTORELEASING = YES;
				CLANG_WARN_BOOL_CONVERSION = YES;
				CLANG_WARN_COMMA = YES;
				CLANG_WARN_CONSTANT_CONVERSION = YES;
				CLANG_WARN_DEPRECATED_OBJC_IMPLEMENTATIONS = YES;
				CLANG_WARN_DIRECT_OBJC_ISA_USAGE = YES_ERROR;
				CLANG_WARN_DOCUMENTATION_COMMENTS = YES;
				CLANG_WARN_EMPTY_BODY = YES;
				CLANG_WARN_ENUM_CONVERSION = YES;
				CLANG_WARN_INFINITE_RECURSION = YES;
				CLANG_WARN_INT_CONVERSION = YES;
				CLANG_WARN_NON_LITERAL_NULL_CONVERSION = YES;
				CLANG_WARN_OBJC_IMPLICIT_RETAIN_SELF = YES;
				CLANG_WARN_OBJC_LITERAL_CONVERSION = YES;
				CLANG_WARN_OBJC_ROOT_CLASS = YES_ERROR;
				CLANG_WARN_QUOTED_INCLUDE_IN_FRAMEWORK_HEADER = YES;
				CLANG_WARN_RANGE_LOOP_ANALYSIS = YES;
				CLANG_WARN_STRICT_PROTOTYPES = YES;
				CLANG_WARN_SUSPICIOUS_MOVE = YES;
				CLANG_WARN_UNGUARDED_AVAILABILITY = YES_AGGRESSIVE;
				CLANG_WARN_UNREACHABLE_CODE = YES;
				CLANG_WARN__DUPLICATE_METHOD_MATCH = YES;
				COPY_PHASE_STRIP = NO;
				DEBUG_INFORMATION_FORMAT = dwarf;
				ENABLE_STRICT_OBJC_MSGSEND = YES;
				ENABLE_TESTABILITY = YES;
				ENABLE_USER_SCRIPT_SANDBOXING = YES;
				GCC_C_LANGUAGE_STANDARD = gnu17;
				GCC_DYNAMIC_NO_PIC = NO;
				GCC_NO_COMMON_BLOCKS = YES;
				GCC_OPTIMIZATION_LEVEL = 0;
				GCC_PREPROCESSOR_DEFINITIONS = (
					"DEBUG=1",
					"$(inherited)",
				);
				GCC_WARN_64_TO_32_BIT_CONVERSION = YES;
				GCC_WARN_ABOUT_RETURN_TYPE = YES_ERROR;
				GCC_WARN_UNDECLARED_SELECTOR = YES;
				GCC_WARN_UNINITIALIZED_AUTOS = YES_AGGRESSIVE;
				GCC_WARN_UNUSED_FUNCTION = YES;
				GCC_WARN_UNUSED_VARIABLE = YES;
				IPHONEOS_DEPLOYMENT_TARGET = 17.0;
				LOCALIZATION_PREFERS_STRING_CATALOGS = YES;
				MTL_ENABLE_DEBUG_INFO = INCLUDE_SOURCE;
				MTL_FAST_MATH = YES;
				ONLY_ACTIVE_ARCH = YES;
				SDKROOT = iphoneos;
				SWIFT_ACTIVE_COMPILATION_CONDITIONS = "DEBUG $(inherited)";
				SWIFT_OPTIMIZATION_LEVEL = "-Onone";
			};
			name = Debug;
		};
		394D06A62B0B96DC00D3051F /* Release */ = {
			isa = XCBuildConfiguration;
			buildSettings = {
				ALWAYS_SEARCH_USER_PATHS = NO;
				ASSETCATALOG_COMPILER_GENERATE_SWIFT_ASSET_SYMBOL_EXTENSIONS = YES;
				CLANG_ANALYZER_NONNULL = YES;
				CLANG_ANALYZER_NUMBER_OBJECT_CONVERSION = YES_AGGRESSIVE;
				CLANG_CXX_LANGUAGE_STANDARD = "gnu++20";
				CLANG_ENABLE_MODULES = YES;
				CLANG_ENABLE_OBJC_ARC = YES;
				CLANG_ENABLE_OBJC_WEAK = YES;
				CLANG_WARN_BLOCK_CAPTURE_AUTORELEASING = YES;
				CLANG_WARN_BOOL_CONVERSION = YES;
				CLANG_WARN_COMMA = YES;
				CLANG_WARN_CONSTANT_CONVERSION = YES;
				CLANG_WARN_DEPRECATED_OBJC_IMPLEMENTATIONS = YES;
				CLANG_WARN_DIRECT_OBJC_ISA_USAGE = YES_ERROR;
				CLANG_WARN_DOCUMENTATION_COMMENTS = YES;
				CLANG_WARN_EMPTY_BODY = YES;
				CLANG_WARN_ENUM_CONVERSION = YES;
				CLANG_WARN_INFINITE_RECURSION = YES;
				CLANG_WARN_INT_CONVERSION = YES;
				CLANG_WARN_NON_LITERAL_NULL_CONVERSION = YES;
				CLANG_WARN_OBJC_IMPLICIT_RETAIN_SELF = YES;
				CLANG_WARN_OBJC_LITERAL_CONVERSION = YES;
				CLANG_WARN_OBJC_ROOT_CLASS = YES_ERROR;
				CLANG_WARN_QUOTED_INCLUDE_IN_FRAMEWORK_HEADER = YES;
				CLANG_WARN_RANGE_LOOP_ANALYSIS = YES;
				CLANG_WARN_STRICT_PROTOTYPES = YES;
				CLANG_WARN_SUSPICIOUS_MOVE = YES;
				CLANG_WARN_UNGUARDED_AVAILABILITY = YES_AGGRESSIVE;
				CLANG_WARN_UNREACHABLE_CODE = YES;
				CLANG_WARN__DUPLICATE_METHOD_MATCH = YES;
				COPY_PHASE_STRIP = NO;
				DEBUG_INFORMATION_FORMAT = "dwarf-with-dsym";
				ENABLE_NS_ASSERTIONS = NO;
				ENABLE_STRICT_OBJC_MSGSEND = YES;
				ENABLE_USER_SCRIPT_SANDBOXING = YES;
				GCC_C_LANGUAGE_STANDARD = gnu17;
				GCC_NO_COMMON_BLOCKS = YES;
				GCC_WARN_64_TO_32_BIT_CONVERSION = YES;
				GCC_WARN_ABOUT_RETURN_TYPE = YES_ERROR;
				GCC_WARN_UNDECLARED_SELECTOR = YES;
				GCC_WARN_UNINITIALIZED_AUTOS = YES_AGGRESSIVE;
				GCC_WARN_UNUSED_FUNCTION = YES;
				GCC_WARN_UNUSED_VARIABLE = YES;
				IPHONEOS_DEPLOYMENT_TARGET = 17.0;
				LOCALIZATION_PREFERS_STRING_CATALOGS = YES;
				MTL_ENABLE_DEBUG_INFO = NO;
				MTL_FAST_MATH = YES;
				SDKROOT = iphoneos;
				SWIFT_COMPILATION_MODE = wholemodule;
				VALIDATE_PRODUCT = YES;
			};
			name = Release;
		};
		394D06A82B0B96DC00D3051F /* Debug */ = {
			isa = XCBuildConfiguration;
			buildSettings = {
				ALWAYS_EMBED_SWIFT_STANDARD_LIBRARIES = YES;
				ASSETCATALOG_COMPILER_APPICON_NAME = AppIcon;
				ASSETCATALOG_COMPILER_GLOBAL_ACCENT_COLOR_NAME = AccentColor;
				CODE_SIGN_STYLE = Automatic;
				CURRENT_PROJECT_VERSION = 1;
				DEVELOPMENT_ASSET_PATHS = "\"Landmarks/Preview Content\"";
				DEVELOPMENT_TEAM = LMN27T889C;
				ENABLE_PREVIEWS = YES;
				GENERATE_INFOPLIST_FILE = YES;
				INFOPLIST_KEY_UIApplicationSceneManifest_Generation = YES;
				INFOPLIST_KEY_UIApplicationSupportsIndirectInputEvents = YES;
				INFOPLIST_KEY_UILaunchScreen_Generation = YES;
				INFOPLIST_KEY_UISupportedInterfaceOrientations_iPad = "UIInterfaceOrientationPortrait UIInterfaceOrientationPortraitUpsideDown UIInterfaceOrientationLandscapeLeft UIInterfaceOrientationLandscapeRight";
				INFOPLIST_KEY_UISupportedInterfaceOrientations_iPhone = "UIInterfaceOrientationPortrait UIInterfaceOrientationLandscapeLeft UIInterfaceOrientationLandscapeRight";
				LD_RUNPATH_SEARCH_PATHS = (
					"$(inherited)",
					"@executable_path/Frameworks",
				);
				MARKETING_VERSION = 1.0;
				PRODUCT_BUNDLE_IDENTIFIER = y00jin.Landmarks;
				PRODUCT_NAME = "$(TARGET_NAME)";
				SWIFT_EMIT_LOC_STRINGS = YES;
				SWIFT_VERSION = 5.0;
				TARGETED_DEVICE_FAMILY = "1,2";
			};
			name = Debug;
		};
		394D06A92B0B96DC00D3051F /* Release */ = {
			isa = XCBuildConfiguration;
			buildSettings = {
				ALWAYS_EMBED_SWIFT_STANDARD_LIBRARIES = YES;
				ASSETCATALOG_COMPILER_APPICON_NAME = AppIcon;
				ASSETCATALOG_COMPILER_GLOBAL_ACCENT_COLOR_NAME = AccentColor;
				CODE_SIGN_STYLE = Automatic;
				CURRENT_PROJECT_VERSION = 1;
				DEVELOPMENT_ASSET_PATHS = "\"Landmarks/Preview Content\"";
				DEVELOPMENT_TEAM = LMN27T889C;
				ENABLE_PREVIEWS = YES;
				GENERATE_INFOPLIST_FILE = YES;
				INFOPLIST_KEY_UIApplicationSceneManifest_Generation = YES;
				INFOPLIST_KEY_UIApplicationSupportsIndirectInputEvents = YES;
				INFOPLIST_KEY_UILaunchScreen_Generation = YES;
				INFOPLIST_KEY_UISupportedInterfaceOrientations_iPad = "UIInterfaceOrientationPortrait UIInterfaceOrientationPortraitUpsideDown UIInterfaceOrientationLandscapeLeft UIInterfaceOrientationLandscapeRight";
				INFOPLIST_KEY_UISupportedInterfaceOrientations_iPhone = "UIInterfaceOrientationPortrait UIInterfaceOrientationLandscapeLeft UIInterfaceOrientationLandscapeRight";
				LD_RUNPATH_SEARCH_PATHS = (
					"$(inherited)",
					"@executable_path/Frameworks",
				);
				MARKETING_VERSION = 1.0;
				PRODUCT_BUNDLE_IDENTIFIER = y00jin.Landmarks;
				PRODUCT_NAME = "$(TARGET_NAME)";
				SWIFT_EMIT_LOC_STRINGS = YES;
				SWIFT_VERSION = 5.0;
				TARGETED_DEVICE_FAMILY = "1,2";
			};
			name = Release;
		};
		394D070A2B1362AA00D3051F /* Debug */ = {
			isa = XCBuildConfiguration;
			buildSettings = {
				ASSETCATALOG_COMPILER_APPICON_NAME = AppIcon;
				ASSETCATALOG_COMPILER_GLOBAL_ACCENT_COLOR_NAME = AccentColor;
				CODE_SIGN_STYLE = Automatic;
				CURRENT_PROJECT_VERSION = 1;
				DEVELOPMENT_ASSET_PATHS = "\"WatchLandmarks Watch App/Preview Content\"";
				DEVELOPMENT_TEAM = LMN27T889C;
				ENABLE_PREVIEWS = YES;
				GENERATE_INFOPLIST_FILE = YES;
				INFOPLIST_KEY_CFBundleDisplayName = WatchLandmarks;
				INFOPLIST_KEY_UISupportedInterfaceOrientations = "UIInterfaceOrientationPortrait UIInterfaceOrientationPortraitUpsideDown";
				INFOPLIST_KEY_WKCompanionAppBundleIdentifier = y00jin.Landmarks;
				INFOPLIST_KEY_WKRunsIndependentlyOfCompanionApp = YES;
				LD_RUNPATH_SEARCH_PATHS = (
					"$(inherited)",
					"@executable_path/Frameworks",
				);
				MARKETING_VERSION = 1.0;
				PRODUCT_BUNDLE_IDENTIFIER = y00jin.Landmarks.watchkitapp;
				PRODUCT_NAME = "$(TARGET_NAME)";
				SDKROOT = watchos;
				SKIP_INSTALL = YES;
				SWIFT_EMIT_LOC_STRINGS = YES;
				SWIFT_VERSION = 5.0;
				TARGETED_DEVICE_FAMILY = 4;
				WATCHOS_DEPLOYMENT_TARGET = 10.0;
			};
			name = Debug;
		};
		394D070B2B1362AA00D3051F /* Release */ = {
			isa = XCBuildConfiguration;
			buildSettings = {
				ASSETCATALOG_COMPILER_APPICON_NAME = AppIcon;
				ASSETCATALOG_COMPILER_GLOBAL_ACCENT_COLOR_NAME = AccentColor;
				CODE_SIGN_STYLE = Automatic;
				CURRENT_PROJECT_VERSION = 1;
				DEVELOPMENT_ASSET_PATHS = "\"WatchLandmarks Watch App/Preview Content\"";
				DEVELOPMENT_TEAM = LMN27T889C;
				ENABLE_PREVIEWS = YES;
				GENERATE_INFOPLIST_FILE = YES;
				INFOPLIST_KEY_CFBundleDisplayName = WatchLandmarks;
				INFOPLIST_KEY_UISupportedInterfaceOrientations = "UIInterfaceOrientationPortrait UIInterfaceOrientationPortraitUpsideDown";
				INFOPLIST_KEY_WKCompanionAppBundleIdentifier = y00jin.Landmarks;
				INFOPLIST_KEY_WKRunsIndependentlyOfCompanionApp = YES;
				LD_RUNPATH_SEARCH_PATHS = (
					"$(inherited)",
					"@executable_path/Frameworks",
				);
				MARKETING_VERSION = 1.0;
				PRODUCT_BUNDLE_IDENTIFIER = y00jin.Landmarks.watchkitapp;
				PRODUCT_NAME = "$(TARGET_NAME)";
				SDKROOT = watchos;
				SKIP_INSTALL = YES;
				SWIFT_EMIT_LOC_STRINGS = YES;
				SWIFT_VERSION = 5.0;
				TARGETED_DEVICE_FAMILY = 4;
				WATCHOS_DEPLOYMENT_TARGET = 10.0;
			};
			name = Release;
		};
/* End XCBuildConfiguration section */

/* Begin XCConfigurationList section */
		394D06942B0B96DA00D3051F /* Build configuration list for PBXProject "Landmarks" */ = {
			isa = XCConfigurationList;
			buildConfigurations = (
				394D06A52B0B96DC00D3051F /* Debug */,
				394D06A62B0B96DC00D3051F /* Release */,
			);
			defaultConfigurationIsVisible = 0;
			defaultConfigurationName = Release;
		};
		394D06A72B0B96DC00D3051F /* Build configuration list for PBXNativeTarget "Landmarks" */ = {
			isa = XCConfigurationList;
			buildConfigurations = (
				394D06A82B0B96DC00D3051F /* Debug */,
				394D06A92B0B96DC00D3051F /* Release */,
			);
			defaultConfigurationIsVisible = 0;
			defaultConfigurationName = Release;
		};
		394D07092B1362AA00D3051F /* Build configuration list for PBXNativeTarget "WatchLandmarks Watch App" */ = {
			isa = XCConfigurationList;
			buildConfigurations = (
				394D070A2B1362AA00D3051F /* Debug */,
				394D070B2B1362AA00D3051F /* Release */,
			);
			defaultConfigurationIsVisible = 0;
			defaultConfigurationName = Release;
		};
/* End XCConfigurationList section */
	};
	rootObject = 394D06912B0B96DA00D3051F /* Project object */;
}
